
Microsoft Visual Studio Solution File, Format Version 12.00
# Visual Studio Version 16
VisualStudioVersion = 16.0.29926.136
MinimumVisualStudioVersion = 15.0.26124.0
Project("{9A19103F-16F7-4668-BE54-9A1E7A4F7556}") = "CaWorkshop.WebUI", "CaWorkshop.WebUI\CaWorkshop.WebUI.csproj", "{B1B14176-2F5D-4AD8-9C4F-535B048732F6}"
EndProject
Global
	GlobalSection(SolutionConfigurationPlatforms) = preSolution
		Debug|Any CPU = Debug|Any CPU
		Debug|x64 = Debug|x64
		Debug|x86 = Debug|x86
		Release|Any CPU = Release|Any CPU
		Release|x64 = Release|x64
		Release|x86 = Release|x86
	EndGlobalSection
	GlobalSection(ProjectConfigurationPlatforms) = postSolution
		{B1B14176-2F5D-4AD8-9C4F-535B048732F6}.Debug|Any CPU.ActiveCfg = Debug|Any CPU
		{B1B14176-2F5D-4AD8-9C4F-535B048732F6}.Debug|Any CPU.Build.0 = Debug|Any CPU
		{B1B14176-2F5D-4AD8-9C4F-535B048732F6}.Debug|x64.ActiveCfg = Debug|Any CPU
		{B1B14176-2F5D-4AD8-9C4F-535B048732F6}.Debug|x64.Build.0 = Debug|Any CPU
		{B1B14176-2F5D-4AD8-9C4F-535B048732F6}.Debug|x86.ActiveCfg = Debug|Any CPU
		{B1B14176-2F5D-4AD8-9C4F-535B048732F6}.Debug|x86.Build.0 = Debug|Any CPU
		{B1B14176-2F5D-4AD8-9C4F-535B048732F6}.Release|Any CPU.ActiveCfg = Release|Any CPU
		{B1B14176-2F5D-4AD8-9C4F-535B048732F6}.Release|Any CPU.Build.0 = Release|Any CPU
		{B1B14176-2F5D-4AD8-9C4F-535B048732F6}.Release|x64.ActiveCfg = Release|Any CPU
		{B1B14176-2F5D-4AD8-9C4F-535B048732F6}.Release|x64.Build.0 = Release|Any CPU
		{B1B14176-2F5D-4AD8-9C4F-535B048732F6}.Release|x86.ActiveCfg = Release|Any CPU
		{B1B14176-2F5D-4AD8-9C4F-535B048732F6}.Release|x86.Build.0 = Release|Any CPU
	EndGlobalSection
	GlobalSection(SolutionProperties) = preSolution
		HideSolutionNode = FALSE
	EndGlobalSection
	GlobalSection(ExtensibilityGlobals) = postSolution
		SolutionGuid = {12E5B002-FA34-4516-AF54-92B0062231BB}
	EndGlobalSection
EndGlobal
